Microsoft Visual Studio Solution File, Format Version 12.00
# Visual Studio 2012
Project("{FAE04EC0-301F-11D3-BF4B-00C04F79EFBC}") = "aestheroids", "aestheroids.csproj", "{28202E2D-A4D0-4436-B0BA-D42A5D85ADCE}"
EndProject
Global
	GlobalSection(SolutionConfigurationPlatforms) = preSolution
	Debug|Any CPU = Debug|Any CPU
	ExportDebug|Any CPU = ExportDebug|Any CPU
	ExportRelease|Any CPU = ExportRelease|Any CPU
	EndGlobalSection
	GlobalSection(ProjectConfigurationPlatforms) = postSolution
		{28202E2D-A4D0-4436-B0BA-D42A5D85ADCE}.Debug|Any CPU.ActiveCfg = Debug|Any CPU
		{28202E2D-A4D0-4436-B0BA-D42A5D85ADCE}.Debug|Any CPU.Build.0 = Debug|Any CPU
		{28202E2D-A4D0-4436-B0BA-D42A5D85ADCE}.ExportDebug|Any CPU.ActiveCfg = ExportDebug|Any CPU
		{28202E2D-A4D0-4436-B0BA-D42A5D85ADCE}.ExportDebug|Any CPU.Build.0 = ExportDebug|Any CPU
		{28202E2D-A4D0-4436-B0BA-D42A5D85ADCE}.ExportRelease|Any CPU.ActiveCfg = ExportRelease|Any CPU
		{28202E2D-A4D0-4436-B0BA-D42A5D85ADCE}.ExportRelease|Any CPU.Build.0 = ExportRelease|Any CPU
	EndGlobalSection
EndGlobal
